
Microsoft Visual Studio Solution File, Format Version 12.00
# Visual Studio Version 17
VisualStudioVersion = 17.9.34310.174
MinimumVisualStudioVersion = 10.0.40219.1
Project("{9A19103F-16F7-4668-BE54-9A1E7A4F7556}") = "SharpStackConvert", "SharpStackConvert.csproj", "{4B0398CB-0512-48CC-A599-E1CEC1A91FA2}"
EndProject
Global
	GlobalSection(SolutionConfigurationPlatforms) = preSolution
		Debug|Any CPU = Debug|Any CPU
		Release|Any CPU = Release|Any CPU
	EndGlobalSection
	GlobalSection(ProjectConfigurationPlatforms) = postSolution
		{4B0398CB-0512-48CC-A599-E1CEC1A91FA2}.Debug|Any CPU.ActiveCfg = Debug|Any CPU
		{4B0398CB-0512-48CC-A599-E1CEC1A91FA2}.Debug|Any CPU.Build.0 = Debug|Any CPU
		{4B0398CB-0512-48CC-A599-E1CEC1A91FA2}.Release|Any CPU.ActiveCfg = Release|Any CPU
		{4B0398CB-0512-48CC-A599-E1CEC1A91FA2}.Release|Any CPU.Build.0 = Release|Any CPU
	EndGlobalSection
	GlobalSection(SolutionProperties) = preSolution
		HideSolutionNode = FALSE
	EndGlobalSection
	GlobalSection(ExtensibilityGlobals) = postSolution
		SolutionGuid = {8AAF7134-0EB1-42C4-8837-81AA7D2B5209}
	EndGlobalSection
EndGlobal
